
Microsoft Visual Studio Solution File, Format Version 12.00
# Visual Studio Version 17
VisualStudioVersion = 17.0.31903.59
MinimumVisualStudioVersion = 10.0.40219.1
Project("{FAE04EC0-301F-11D3-BF4B-00C04F79EFBC}") = "逻辑符快速输入", "逻辑符快速输入\逻辑符快速输入.csproj", "{3211E36E-DE10-44D0-B7DB-5AF2E8F17759}"
EndProject
Global
	GlobalSection(SolutionConfigurationPlatforms) = preSolution
		Debug|Any CPU = Debug|Any CPU
		Release|Any CPU = Release|Any CPU
	EndGlobalSection
	GlobalSection(ProjectConfigurationPlatforms) = postSolution
		{3211E36E-DE10-44D0-B7DB-5AF2E8F17759}.Debug|Any CPU.ActiveCfg = Debug|Any CPU
		{3211E36E-DE10-44D0-B7DB-5AF2E8F17759}.Debug|Any CPU.Build.0 = Debug|Any CPU
		{3211E36E-DE10-44D0-B7DB-5AF2E8F17759}.Release|Any CPU.ActiveCfg = Release|Any CPU
		{3211E36E-DE10-44D0-B7DB-5AF2E8F17759}.Release|Any CPU.Build.0 = Release|Any CPU
	EndGlobalSection
	GlobalSection(SolutionProperties) = preSolution
		HideSolutionNode = FALSE
	EndGlobalSection
	GlobalSection(ExtensibilityGlobals) = postSolution
		SolutionGuid = {4289FCF1-08E8-42C2-B635-2D0C1697B45F}
	EndGlobalSection
EndGlobal
